
Microsoft Visual Studio Solution File, Format Version 12.00
# Visual Studio Version 17
VisualStudioVersion = 17.4.33205.214
MinimumVisualStudioVersion = 10.0.40219.1
Project("{8BC9CEB8-8B4A-11D0-8D11-00A0C91BC942}") = "libsvgren", "libsvgren\libsvgren.vcxproj", "{8C7D8E1D-25CE-4365-A772-18643E6D52E8}"
EndProject
Project("{8BC9CEB8-8B4A-11D0-8D11-00A0C91BC942}") = "render_test", "render_test\render_test.vcxproj", "{BD93A4AA-4CE1-4364-B3F8-5D77040DC0F6}"
EndProject
Project("{8BC9CEB8-8B4A-11D0-8D11-00A0C91BC942}") = "unit_tests", "unit_tests\unit_tests.vcxproj", "{06E4B047-922E-4329-A42A-E770CFFECA64}"
	ProjectSection(ProjectDependencies) = postProject
		{8C7D8E1D-25CE-4365-A772-18643E6D52E8} = {8C7D8E1D-25CE-4365-A772-18643E6D52E8}
	EndProjectSection
EndProject
Global
	GlobalSection(SolutionConfigurationPlatforms) = preSolution
		v140_Debug|x64 = v140_Debug|x64
		v140_Debug|x86 = v140_Debug|x86
		v140_Release|x64 = v140_Release|x64
		v140_Release|x86 = v140_Release|x86
		v141_Debug|x64 = v141_Debug|x64
		v141_Debug|x86 = v141_Debug|x86
		v141_Release|x64 = v141_Release|x64
		v141_Release|x86 = v141_Release|x86
		v142_Debug_MD|x64 = v142_Debug_MD|x64
		v142_Debug_MD|x86 = v142_Debug_MD|x86
		v142_Debug_MT|x64 = v142_Debug_MT|x64
		v142_Debug_MT|x86 = v142_Debug_MT|x86
		v142_Release_MD|x64 = v142_Release_MD|x64
		v142_Release_MD|x86 = v142_Release_MD|x86
		v142_Release_MT|x64 = v142_Release_MT|x64
		v142_Release_MT|x86 = v142_Release_MT|x86
		v143_Debug_MD|x64 = v143_Debug_MD|x64
		v143_Debug_MD|x86 = v143_Debug_MD|x86
		v143_Debug_MT|x64 = v143_Debug_MT|x64
		v143_Debug_MT|x86 = v143_Debug_MT|x86
		v143_Release_MD|x64 = v143_Release_MD|x64
		v143_Release_MD|x86 = v143_Release_MD|x86
		v143_Release_MT|x64 = v143_Release_MT|x64
		v143_Release_MT|x86 = v143_Release_MT|x86
	EndGlobalSection
	GlobalSection(ProjectConfigurationPlatforms) = postSolution
		{8C7D8E1D-25CE-4365-A772-18643E6D52E8}.v140_Debug|x64.ActiveCfg = v140_Debug|x64
		{8C7D8E1D-25CE-4365-A772-18643E6D52E8}.v140_Debug|x64.Build.0 = v140_Debug|x64
		{8C7D8E1D-25CE-4365-A772-18643E6D52E8}.v140_Debug|x86.ActiveCfg = v140_Debug|Win32
		{8C7D8E1D-25CE-4365-A772-18643E6D52E8}.v140_Debug|x86.Build.0 = v140_Debug|Win32
		{8C7D8E1D-25CE-4365-A772-18643E6D52E8}.v140_Release|x64.ActiveCfg = v140_Release|x64
		{8C7D8E1D-25CE-4365-A772-18643E6D52E8}.v140_Release|x64.Build.0 = v140_Release|x64
		{8C7D8E1D-25CE-4365-A772-18643E6D52E8}.v140_Release|x86.ActiveCfg = v140_Release|Win32
		{8C7D8E1D-25CE-4365-A772-18643E6D52E8}.v140_Release|x86.Build.0 = v140_Release|Win32
		{8C7D8E1D-25CE-4365-A772-18643E6D52E8}.v141_Debug|x64.ActiveCfg = v141_Debug|x64
		{8C7D8E1D-25CE-4365-A772-18643E6D52E8}.v141_Debug|x64.Build.0 = v141_Debug|x64
		{8C7D8E1D-25CE-4365-A772-18643E6D52E8}.v141_Debug|x86.ActiveCfg = v141_Debug|Win32
		{8C7D8E1D-25CE-4365-A772-18643E6D52E8}.v141_Debug|x86.Build.0 = v141_Debug|Win32
		{8C7D8E1D-25CE-4365-A772-18643E6D52E8}.v141_Release|x64.ActiveCfg = v141_Release|x64
		{8C7D8E1D-25CE-4365-A772-18643E6D52E8}.v141_Release|x64.Build.0 = v141_Release|x64
		{8C7D8E1D-25CE-4365-A772-18643E6D52E8}.v141_Release|x86.ActiveCfg = v141_Release|Win32
		{8C7D8E1D-25CE-4365-A772-18643E6D52E8}.v141_Release|x86.Build.0 = v141_Release|Win32
		{8C7D8E1D-25CE-4365-A772-18643E6D52E8}.v142_Debug_MD|x64.ActiveCfg = v142_Debug_MD|x64
		{8C7D8E1D-25CE-4365-A772-18643E6D52E8}.v142_Debug_MD|x64.Build.0 = v142_Debug_MD|x64
		{8C7D8E1D-25CE-4365-A772-18643E6D52E8}.v142_Debug_MD|x86.ActiveCfg = v142_Debug_MD|Win32
		{8C7D8E1D-25CE-4365-A772-18643E6D52E8}.v142_Debug_MD|x86.Build.0 = v142_Debug_MD|Win32
		{8C7D8E1D-25CE-4365-A772-18643E6D52E8}.v142_Debug_MT|x64.ActiveCfg = v142_Debug_MT|x64
		{8C7D8E1D-25CE-4365-A772-18643E6D52E8}.v142_Debug_MT|x64.Build.0 = v142_Debug_MT|x64
		{8C7D8E1D-25CE-4365-A772-18643E6D52E8}.v142_Debug_MT|x86.ActiveCfg = v142_Debug_MT|Win32
		{8C7D8E1D-25CE-4365-A772-18643E6D52E8}.v142_Debug_MT|x86.Build.0 = v142_Debug_MT|Win32
		{8C7D8E1D-25CE-4365-A772-18643E6D52E8}.v142_Release_MD|x64.ActiveCfg = v142_Release_MD|x64
		{8C7D8E1D-25CE-4365-A772-18643E6D52E8}.v142_Release_MD|x64.Build.0 = v142_Release_MD|x64
		{8C7D8E1D-25CE-4365-A772-18643E6D52E8}.v142_Release_MD|x86.ActiveCfg = v142_Release_MD|Win32
		{8C7D8E1D-25CE-4365-A772-18643E6D52E8}.v142_Release_MD|x86.Build.0 = v142_Release_MD|Win32
		{8C7D8E1D-25CE-4365-A772-18643E6D52E8}.v142_Release_MT|x64.ActiveCfg = v142_Release_MT|x64
		{8C7D8E1D-25CE-4365-A772-18643E6D52E8}.v142_Release_MT|x64.Build.0 = v142_Release_MT|x64
		{8C7D8E1D-25CE-4365-A772-18643E6D52E8}.v142_Release_MT|x86.ActiveCfg = v142_Release_MT|Win32
		{8C7D8E1D-25CE-4365-A772-18643E6D52E8}.v142_Release_MT|x86.Build.0 = v142_Release_MT|Win32
		{8C7D8E1D-25CE-4365-A772-18643E6D52E8}.v143_Debug_MD|x64.ActiveCfg = v143_Debug_MD|x64
		{8C7D8E1D-25CE-4365-A772-18643E6D52E8}.v143_Debug_MD|x64.Build.0 = v143_Debug_MD|x64
		{8C7D8E1D-25CE-4365-A772-18643E6D52E8}.v143_Debug_MD|x86.ActiveCfg = v143_Debug_MD|Win32
		{8C7D8E1D-25CE-4365-A772-18643E6D52E8}.v143_Debug_MD|x86.Build.0 = v143_Debug_MD|Win32
		{8C7D8E1D-25CE-4365-A772-18643E6D52E8}.v143_Debug_MT|x64.ActiveCfg = v143_Debug_MT|x64
		{8C7D8E1D-25CE-4365-A772-18643E6D52E8}.v143_Debug_MT|x64.Build.0 = v143_Debug_MT|x64
		{8C7D8E1D-25CE-4365-A772-18643E6D52E8}.v143_Debug_MT|x86.ActiveCfg = v143_Debug_MT|Win32
		{8C7D8E1D-25CE-4365-A772-18643E6D52E8}.v143_Debug_MT|x86.Build.0 = v143_Debug_MT|Win32
		{8C7D8E1D-25CE-4365-A772-18643E6D52E8}.v143_Release_MD|x64.ActiveCfg = v143_Release_MD|x64
		{8C7D8E1D-25CE-4365-A772-18643E6D52E8}.v143_Release_MD|x64.Build.0 = v143_Release_MD|x64
		{8C7D8E1D-25CE-4365-A772-18643E6D52E8}.v143_Release_MD|x86.ActiveCfg = v143_Release_MD|Win32
		{8C7D8E1D-25CE-4365-A772-18643E6D52E8}.v143_Release_MD|x86.Build.0 = v143_Release_MD|Win32
		{8C7D8E1D-25CE-4365-A772-18643E6D52E8}.v143_Release_MT|x64.ActiveCfg = v143_Release_MT|x64
		{8C7D8E1D-25CE-4365-A772-18643E6D52E8}.v143_Release_MT|x64.Build.0 = v143_Release_MT|x64
		{8C7D8E1D-25CE-4365-A772-18643E6D52E8}.v143_Release_MT|x86.ActiveCfg = v143_Release_MT|Win32
		{8C7D8E1D-25CE-4365-A772-18643E6D52E8}.v143_Release_MT|x86.Build.0 = v143_Release_MT|Win32
		{BD93A4AA-4CE1-4364-B3F8-5D77040DC0F6}.v140_Debug|x64.ActiveCfg = v140_Debug|x64
		{BD93A4AA-4CE1-4364-B3F8-5D77040DC0F6}.v140_Debug|x64.Build.0 = v140_Debug|x64
		{BD93A4AA-4CE1-4364-B3F8-5D77040DC0F6}.v140_Debug|x86.ActiveCfg = v140_Debug|Win32
		{BD93A4AA-4CE1-4364-B3F8-5D77040DC0F6}.v140_Debug|x86.Build.0 = v140_Debug|Win32
		{BD93A4AA-4CE1-4364-B3F8-5D77040DC0F6}.v140_Release|x64.ActiveCfg = v140_Release|x64
		{BD93A4AA-4CE1-4364-B3F8-5D77040DC0F6}.v140_Release|x64.Build.0 = v140_Release|x64
		{BD93A4AA-4CE1-4364-B3F8-5D77040DC0F6}.v140_Release|x86.ActiveCfg = v140_Release|Win32
		{BD93A4AA-4CE1-4364-B3F8-5D77040DC0F6}.v140_Release|x86.Build.0 = v140_Release|Win32
		{BD93A4AA-4CE1-4364-B3F8-5D77040DC0F6}.v141_Debug|x64.ActiveCfg = v141_Debug|x64
		{BD93A4AA-4CE1-4364-B3F8-5D77040DC0F6}.v141_Debug|x64.Build.0 = v141_Debug|x64
		{BD93A4AA-4CE1-4364-B3F8-5D77040DC0F6}.v141_Debug|x86.ActiveCfg = v141_Debug|Win32
		{BD93A4AA-4CE1-4364-B3F8-5D77040DC0F6}.v141_Debug|x86.Build.0 = v141_Debug|Win32
		{BD93A4AA-4CE1-4364-B3F8-5D77040DC0F6}.v141_Release|x64.ActiveCfg = v141_Release|x64
		{BD93A4AA-4CE1-4364-B3F8-5D77040DC0F6}.v141_Release|x64.Build.0 = v141_Release|x64
		{BD93A4AA-4CE1-4364-B3F8-5D77040DC0F6}.v141_Release|x86.ActiveCfg = v141_Release|Win32
		{BD93A4AA-4CE1-4364-B3F8-5D77040DC0F6}.v141_Release|x86.Build.0 = v141_Release|Win32
		{BD93A4AA-4CE1-4364-B3F8-5D77040DC0F6}.v142_Debug_MD|x64.ActiveCfg = v142_Debug_MD|x64
		{BD93A4AA-4CE1-4364-B3F8-5D77040DC0F6}.v142_Debug_MD|x64.Build.0 = v142_Debug_MD|x64
		{BD93A4AA-4CE1-4364-B3F8-5D77040DC0F6}.v142_Debug_MD|x86.ActiveCfg = v142_Debug_MD|Win32
		{BD93A4AA-4CE1-4364-B3F8-5D77040DC0F6}.v142_Debug_MD|x86.Build.0 = v142_Debug_MD|Win32
		{BD93A4AA-4CE1-4364-B3F8-5D77040DC0F6}.v142_Debug_MT|x64.ActiveCfg = v142_Debug_MT|x64
		{BD93A4AA-4CE1-4364-B3F8-5D77040DC0F6}.v142_Debug_MT|x64.Build.0 = v142_Debug_MT|x64
		{BD93A4AA-4CE1-4364-B3F8-5D77040DC0F6}.v142_Debug_MT|x86.ActiveCfg = v142_Debug_MT|Win32
		{BD93A4AA-4CE1-4364-B3F8-5D77040DC0F6}.v142_Debug_MT|x86.Build.0 = v142_Debug_MT|Win32
		{BD93A4AA-4CE1-4364-B3F8-5D77040DC0F6}.v142_Release_MD|x64.ActiveCfg = v142_Release_MD|x64
		{BD93A4AA-4CE1-4364-B3F8-5D77040DC0F6}.v142_Release_MD|x64.Build.0 = v142_Release_MD|x64
		{BD93A4AA-4CE1-4364-B3F8-5D77040DC0F6}.v142_Release_MD|x86.ActiveCfg = v142_Release_MD|Win32
		{BD93A4AA-4CE1-4364-B3F8-5D77040DC0F6}.v142_Release_MD|x86.Build.0 = v142_Release_MD|Win32
		{BD93A4AA-4CE1-4364-B3F8-5D77040DC0F6}.v142_Release_MT|x64.ActiveCfg = v142_Release_MT|x64
		{BD93A4AA-4CE1-4364-B3F8-5D77040DC0F6}.v142_Release_MT|x64.Build.0 = v142_Release_MT|x64
		{BD93A4AA-4CE1-4364-B3F8-5D77040DC0F6}.v142_Release_MT|x86.ActiveCfg = v142_Release_MT|Win32
		{BD93A4AA-4CE1-4364-B3F8-5D77040DC0F6}.v142_Release_MT|x86.Build.0 = v142_Release_MT|Win32
		{BD93A4AA-4CE1-4364-B3F8-5D77040DC0F6}.v143_Debug_MD|x64.ActiveCfg = v143_Debug_MD|x64
		{BD93A4AA-4CE1-4364-B3F8-5D77040DC0F6}.v143_Debug_MD|x64.Build.0 = v143_Debug_MD|x64
		{BD93A4AA-4CE1-4364-B3F8-5D77040DC0F6}.v143_Debug_MD|x86.ActiveCfg = v143_Debug_MD|Win32
		{BD93A4AA-4CE1-4364-B3F8-5D77040DC0F6}.v143_Debug_MD|x86.Build.0 = v143_Debug_MD|Win32
		{BD93A4AA-4CE1-4364-B3F8-5D77040DC0F6}.v143_Debug_MT|x64.ActiveCfg = v143_Debug_MT|x64
		{BD93A4AA-4CE1-4364-B3F8-5D77040DC0F6}.v143_Debug_MT|x64.Build.0 = v143_Debug_MT|x64
		{BD93A4AA-4CE1-4364-B3F8-5D77040DC0F6}.v143_Debug_MT|x86.ActiveCfg = v143_Debug_MT|Win32
		{BD93A4AA-4CE1-4364-B3F8-5D77040DC0F6}.v143_Debug_MT|x86.Build.0 = v143_Debug_MT|Win32
		{BD93A4AA-4CE1-4364-B3F8-5D77040DC0F6}.v143_Release_MD|x64.ActiveCfg = v143_Release_MD|x64
		{BD93A4AA-4CE1-4364-B3F8-5D77040DC0F6}.v143_Release_MD|x64.Build.0 = v143_Release_MD|x64
		{BD93A4AA-4CE1-4364-B3F8-5D77040DC0F6}.v143_Release_MD|x86.ActiveCfg = v143_Release_MD|Win32
		{BD93A4AA-4CE1-4364-B3F8-5D77040DC0F6}.v143_Release_MD|x86.Build.0 = v143_Release_MD|Win32
		{BD93A4AA-4CE1-4364-B3F8-5D77040DC0F6}.v143_Release_MT|x64.ActiveCfg = v143_Release_MT|x64
		{BD93A4AA-4CE1-4364-B3F8-5D77040DC0F6}.v143_Release_MT|x64.Build.0 = v143_Release_MT|x64
		{BD93A4AA-4CE1-4364-B3F8-5D77040DC0F6}.v143_Release_MT|x86.ActiveCfg = v143_Release_MT|Win32
		{BD93A4AA-4CE1-4364-B3F8-5D77040DC0F6}.v143_Release_MT|x86.Build.0 = v143_Release_MT|Win32
		{06E4B047-922E-4329-A42A-E770CFFECA64}.v140_Debug|x64.ActiveCfg = v140_Debug|x64
		{06E4B047-922E-4329-A42A-E770CFFECA64}.v140_Debug|x64.Build.0 = v140_Debug|x64
		{06E4B047-922E-4329-A42A-E770CFFECA64}.v140_Debug|x86.ActiveCfg = v140_Debug|Win32
		{06E4B047-922E-4329-A42A-E770CFFECA64}.v140_Debug|x86.Build.0 = v140_Debug|Win32
		{06E4B047-922E-4329-A42A-E770CFFECA64}.v140_Release|x64.ActiveCfg = v140_Release|x64
		{06E4B047-922E-4329-A42A-E770CFFECA64}.v140_Release|x64.Build.0 = v140_Release|x64
		{06E4B047-922E-4329-A42A-E770CFFECA64}.v140_Release|x86.ActiveCfg = v140_Release|Win32
		{06E4B047-922E-4329-A42A-E770CFFECA64}.v140_Release|x86.Build.0 = v140_Release|Win32
		{06E4B047-922E-4329-A42A-E770CFFECA64}.v141_Debug|x64.ActiveCfg = v141_Debug|x64
		{06E4B047-922E-4329-A42A-E770CFFECA64}.v141_Debug|x64.Build.0 = v141_Debug|x64
		{06E4B047-922E-4329-A42A-E770CFFECA64}.v141_Debug|x86.ActiveCfg = v141_Debug|Win32
		{06E4B047-922E-4329-A42A-E770CFFECA64}.v141_Debug|x86.Build.0 = v141_Debug|Win32
		{06E4B047-922E-4329-A42A-E770CFFECA64}.v141_Release|x64.ActiveCfg = v141_Release|x64
		{06E4B047-922E-4329-A42A-E770CFFECA64}.v141_Release|x64.Build.0 = v141_Release|x64
		{06E4B047-922E-4329-A42A-E770CFFECA64}.v141_Release|x86.ActiveCfg = v141_Release|Win32
		{06E4B047-922E-4329-A42A-E770CFFECA64}.v141_Release|x86.Build.0 = v141_Release|Win32
		{06E4B047-922E-4329-A42A-E770CFFECA64}.v142_Debug_MD|x64.ActiveCfg = v142_Debug_MD|x64
		{06E4B047-922E-4329-A42A-E770CFFECA64}.v142_Debug_MD|x64.Build.0 = v142_Debug_MD|x64
		{06E4B047-922E-4329-A42A-E770CFFECA64}.v142_Debug_MD|x86.ActiveCfg = v142_Debug_MD|Win32
		{06E4B047-922E-4329-A42A-E770CFFECA64}.v142_Debug_MD|x86.Build.0 = v142_Debug_MD|Win32
		{06E4B047-922E-4329-A42A-E770CFFECA64}.v142_Debug_MT|x64.ActiveCfg = v142_Debug_MT|x64
		{06E4B047-922E-4329-A42A-E770CFFECA64}.v142_Debug_MT|x64.Build.0 = v142_Debug_MT|x64
		{06E4B047-922E-4329-A42A-E770CFFECA64}.v142_Debug_MT|x86.ActiveCfg = v142_Debug_MT|Win32
		{06E4B047-922E-4329-A42A-E770CFFECA64}.v142_Debug_MT|x86.Build.0 = v142_Debug_MT|Win32
		{06E4B047-922E-4329-A42A-E770CFFECA64}.v142_Release_MD|x64.ActiveCfg = v142_Release_MD|x64
		{06E4B047-922E-4329-A42A-E770CFFECA64}.v142_Release_MD|x64.Build.0 = v142_Release_MD|x64
		{06E4B047-922E-4329-A42A-E770CFFECA64}.v142_Release_MD|x86.ActiveCfg = v142_Release_MD|Win32
		{06E4B047-922E-4329-A42A-E770CFFECA64}.v142_Release_MD|x86.Build.0 = v142_Release_MD|Win32
		{06E4B047-922E-4329-A42A-E770CFFECA64}.v142_Release_MT|x64.ActiveCfg = v142_Release_MT|x64
		{06E4B047-922E-4329-A42A-E770CFFECA64}.v142_Release_MT|x64.Build.0 = v142_Release_MT|x64
		{06E4B047-922E-4329-A42A-E770CFFECA64}.v142_Release_MT|x86.ActiveCfg = v142_Release_MT|Win32
		{06E4B047-922E-4329-A42A-E770CFFECA64}.v142_Release_MT|x86.Build.0 = v142_Release_MT|Win32
		{06E4B047-922E-4329-A42A-E770CFFECA64}.v143_Debug_MD|x64.ActiveCfg = v143_Debug_MD|x64
		{06E4B047-922E-4329-A42A-E770CFFECA64}.v143_Debug_MD|x64.Build.0 = v143_Debug_MD|x64
		{06E4B047-922E-4329-A42A-E770CFFECA64}.v143_Debug_MD|x86.ActiveCfg = v143_Debug_MD|Win32
		{06E4B047-922E-4329-A42A-E770CFFECA64}.v143_Debug_MD|x86.Build.0 = v143_Debug_MD|Win32
		{06E4B047-922E-4329-A42A-E770CFFECA64}.v143_Debug_MT|x64.ActiveCfg = v143_Debug_MT|x64
		{06E4B047-922E-4329-A42A-E770CFFECA64}.v143_Debug_MT|x64.Build.0 = v143_Debug_MT|x64
		{06E4B047-922E-4329-A42A-E770CFFECA64}.v143_Debug_MT|x86.ActiveCfg = v143_Debug_MT|Win32
		{06E4B047-922E-4329-A42A-E770CFFECA64}.v143_Debug_MT|x86.Build.0 = v143_Debug_MT|Win32
		{06E4B047-922E-4329-A42A-E770CFFECA64}.v143_Release_MD|x64.ActiveCfg = v143_Release_MD|x64
		{06E4B047-922E-4329-A42A-E770CFFECA64}.v143_Release_MD|x64.Build.0 = v143_Release_MD|x64
		{06E4B047-922E-4329-A42A-E770CFFECA64}.v143_Release_MD|x86.ActiveCfg = v143_Release_MD|Win32
		{06E4B047-922E-4329-A42A-E770CFFECA64}.v143_Release_MD|x86.Build.0 = v143_Release_MD|Win32
		{06E4B047-922E-4329-A42A-E770CFFECA64}.v143_Release_MT|x64.ActiveCfg = v143_Release_MT|x64
		{06E4B047-922E-4329-A42A-E770CFFECA64}.v143_Release_MT|x64.Build.0 = v143_Release_MT|x64
		{06E4B047-922E-4329-A42A-E770CFFECA64}.v143_Release_MT|x86.ActiveCfg = v143_Release_MT|Win32
		{06E4B047-922E-4329-A42A-E770CFFECA64}.v143_Release_MT|x86.Build.0 = v143_Release_MT|Win32
	EndGlobalSection
	GlobalSection(SolutionProperties) = preSolution
		HideSolutionNode = FALSE
	EndGlobalSection
	GlobalSection(ExtensibilityGlobals) = postSolution
		SolutionGuid = {A17BA522-0271-4BCE-BA0E-F5342ACC2AFC}
	EndGlobalSection
EndGlobal
