
Microsoft Visual Studio Solution File, Format Version 12.00
# Visual Studio 14
VisualStudioVersion = 14.0.23107.0
MinimumVisualStudioVersion = 10.0.40219.1
Project("{8BC9CEB8-8B4A-11D0-8D11-00A0C91BC942}") = "libsvgren", "libsvgren\libsvgren.vcxproj", "{8C7D8E1D-25CE-4365-A772-18643E6D52E8}"
EndProject
Project("{8BC9CEB8-8B4A-11D0-8D11-00A0C91BC942}") = "render_test", "render_test\render_test.vcxproj", "{BD93A4AA-4CE1-4364-B3F8-5D77040DC0F6}"
EndProject
Global
	GlobalSection(SolutionConfigurationPlatforms) = preSolution
		Debug|x64 = Debug|x64
		Debug|x86 = Debug|x86
		Release|x64 = Release|x64
		Release|x86 = Release|x86
	EndGlobalSection
	GlobalSection(ProjectConfigurationPlatforms) = postSolution
		{8C7D8E1D-25CE-4365-A772-18643E6D52E8}.Debug|x64.ActiveCfg = Debug|x64
		{8C7D8E1D-25CE-4365-A772-18643E6D52E8}.Debug|x64.Build.0 = Debug|x64
		{8C7D8E1D-25CE-4365-A772-18643E6D52E8}.Debug|x86.ActiveCfg = Debug|Win32
		{8C7D8E1D-25CE-4365-A772-18643E6D52E8}.Debug|x86.Build.0 = Debug|Win32
		{8C7D8E1D-25CE-4365-A772-18643E6D52E8}.Release|x64.ActiveCfg = Release|x64
		{8C7D8E1D-25CE-4365-A772-18643E6D52E8}.Release|x64.Build.0 = Release|x64
		{8C7D8E1D-25CE-4365-A772-18643E6D52E8}.Release|x86.ActiveCfg = Release|Win32
		{8C7D8E1D-25CE-4365-A772-18643E6D52E8}.Release|x86.Build.0 = Release|Win32
		{BD93A4AA-4CE1-4364-B3F8-5D77040DC0F6}.Debug|x64.ActiveCfg = Debug|x64
		{BD93A4AA-4CE1-4364-B3F8-5D77040DC0F6}.Debug|x64.Build.0 = Debug|x64
		{BD93A4AA-4CE1-4364-B3F8-5D77040DC0F6}.Debug|x86.ActiveCfg = Debug|Win32
		{BD93A4AA-4CE1-4364-B3F8-5D77040DC0F6}.Debug|x86.Build.0 = Debug|Win32
		{BD93A4AA-4CE1-4364-B3F8-5D77040DC0F6}.Release|x64.ActiveCfg = Release|x64
		{BD93A4AA-4CE1-4364-B3F8-5D77040DC0F6}.Release|x64.Build.0 = Release|x64
		{BD93A4AA-4CE1-4364-B3F8-5D77040DC0F6}.Release|x86.ActiveCfg = Release|Win32
		{BD93A4AA-4CE1-4364-B3F8-5D77040DC0F6}.Release|x86.Build.0 = Release|Win32
	EndGlobalSection
	GlobalSection(SolutionProperties) = preSolution
		HideSolutionNode = FALSE
	EndGlobalSection
EndGlobal
